
Microsoft Visual Studio Solution File, Format Version 12.00
# Visual Studio Version 17
VisualStudioVersion = 17.3.32929.385
MinimumVisualStudioVersion = 10.0.40219.1
Project("{FAE04EC0-301F-11D3-BF4B-00C04F79EFBC}") = "OopsConcepts274", "OopsConcepts274.csproj", "{42B8774E-DAA6-48D9-90BC-05C6B680789E}"
EndProject
Global
	GlobalSection(SolutionConfigurationPlatforms) = preSolution
		Debug|Any CPU = Debug|Any CPU
		Release|Any CPU = Release|Any CPU
	EndGlobalSection
	GlobalSection(ProjectConfigurationPlatforms) = postSolution
		{42B8774E-DAA6-48D9-90BC-05C6B680789E}.Debug|Any CPU.ActiveCfg = Debug|Any CPU
		{42B8774E-DAA6-48D9-90BC-05C6B680789E}.Debug|Any CPU.Build.0 = Debug|Any CPU
		{42B8774E-DAA6-48D9-90BC-05C6B680789E}.Release|Any CPU.ActiveCfg = Release|Any CPU
		{42B8774E-DAA6-48D9-90BC-05C6B680789E}.Release|Any CPU.Build.0 = Release|Any CPU
	EndGlobalSection
	GlobalSection(SolutionProperties) = preSolution
		HideSolutionNode = FALSE
	EndGlobalSection
	GlobalSection(ExtensibilityGlobals) = postSolution
		SolutionGuid = {23A6F2CB-9FD7-4B43-897D-9EE01D5D0BBB}
	EndGlobalSection
EndGlobal
